
Microsoft Visual Studio Solution File, Format Version 12.00
# Visual Studio Version 16
VisualStudioVersion = 25.0.1706.5
MinimumVisualStudioVersion = 10.0.40219.1
Project("{FAE04EC0-301F-11D3-BF4B-00C04F79EFBC}") = "JSArray", "JSArray\JSArray.csproj", "{E42CFFE8-721C-45E9-885C-EBCF4FB54CEF}"
EndProject
Global
	GlobalSection(SolutionConfigurationPlatforms) = preSolution
		Debug|Any CPU = Debug|Any CPU
		Release|Any CPU = Release|Any CPU
	EndGlobalSection
	GlobalSection(ProjectConfigurationPlatforms) = postSolution
		{E42CFFE8-721C-45E9-885C-EBCF4FB54CEF}.Debug|Any CPU.ActiveCfg = Debug|Any CPU
		{E42CFFE8-721C-45E9-885C-EBCF4FB54CEF}.Debug|Any CPU.Build.0 = Debug|Any CPU
		{E42CFFE8-721C-45E9-885C-EBCF4FB54CEF}.Release|Any CPU.ActiveCfg = Release|Any CPU
		{E42CFFE8-721C-45E9-885C-EBCF4FB54CEF}.Release|Any CPU.Build.0 = Release|Any CPU
	EndGlobalSection
	GlobalSection(SolutionProperties) = preSolution
		HideSolutionNode = FALSE
	EndGlobalSection
	GlobalSection(ExtensibilityGlobals) = postSolution
		SolutionGuid = {3CE2E437-795B-4AFD-B004-7B663E41DE81}
	EndGlobalSection
EndGlobal
